
Microsoft Visual Studio Solution File, Format Version 12.00
# Visual Studio Version 17
VisualStudioVersion = 17.10.35027.167
MinimumVisualStudioVersion = 10.0.40219.1
Project("{9A19103F-16F7-4668-BE54-9A1E7A4F7556}") = "ShoeGrabProductManagement", "ShoeGrabProductManagement.csproj", "{578A25AB-7670-4194-9D6D-17E6C0868135}"
EndProject
Project("{9A19103F-16F7-4668-BE54-9A1E7A4F7556}") = "ShoeGrabCommonModels", "Common\shoe-grab-common-lib\ShoeGrabCommonModels.csproj", "{7C28CE4C-9A23-4168-8548-C661F6EC3131}"
EndProject
Project("{2150E333-8FDC-42A3-9474-1A3956D46DE8}") = "Projects", "Projects", "{3B96622B-91F1-4C7B-98AF-AC417EDB331E}"
EndProject
Project("{9A19103F-16F7-4668-BE54-9A1E7A4F7556}") = "ShoeGrabProductManagementTests", "..\shoe-grab-tests\ShoeGrabProductManagementTests.csproj", "{5737E045-67AF-40D8-A03C-CDA9CB6212C3}"
EndProject
Global
	GlobalSection(SolutionConfigurationPlatforms) = preSolution
		Debug|Any CPU = Debug|Any CPU
		Release|Any CPU = Release|Any CPU
	EndGlobalSection
	GlobalSection(ProjectConfigurationPlatforms) = postSolution
		{578A25AB-7670-4194-9D6D-17E6C0868135}.Debug|Any CPU.ActiveCfg = Debug|Any CPU
		{578A25AB-7670-4194-9D6D-17E6C0868135}.Debug|Any CPU.Build.0 = Debug|Any CPU
		{578A25AB-7670-4194-9D6D-17E6C0868135}.Release|Any CPU.ActiveCfg = Release|Any CPU
		{578A25AB-7670-4194-9D6D-17E6C0868135}.Release|Any CPU.Build.0 = Release|Any CPU
		{7C28CE4C-9A23-4168-8548-C661F6EC3131}.Debug|Any CPU.ActiveCfg = Debug|Any CPU
		{7C28CE4C-9A23-4168-8548-C661F6EC3131}.Debug|Any CPU.Build.0 = Debug|Any CPU
		{7C28CE4C-9A23-4168-8548-C661F6EC3131}.Release|Any CPU.ActiveCfg = Release|Any CPU
		{7C28CE4C-9A23-4168-8548-C661F6EC3131}.Release|Any CPU.Build.0 = Release|Any CPU
		{5737E045-67AF-40D8-A03C-CDA9CB6212C3}.Debug|Any CPU.ActiveCfg = Debug|Any CPU
		{5737E045-67AF-40D8-A03C-CDA9CB6212C3}.Debug|Any CPU.Build.0 = Debug|Any CPU
		{5737E045-67AF-40D8-A03C-CDA9CB6212C3}.Release|Any CPU.ActiveCfg = Release|Any CPU
		{5737E045-67AF-40D8-A03C-CDA9CB6212C3}.Release|Any CPU.Build.0 = Release|Any CPU
	EndGlobalSection
	GlobalSection(SolutionProperties) = preSolution
		HideSolutionNode = FALSE
	EndGlobalSection
	GlobalSection(NestedProjects) = preSolution
		{7C28CE4C-9A23-4168-8548-C661F6EC3131} = {3B96622B-91F1-4C7B-98AF-AC417EDB331E}
	EndGlobalSection
	GlobalSection(ExtensibilityGlobals) = postSolution
		SolutionGuid = {D0A339DB-7C18-4580-8486-5266889087DF}
	EndGlobalSection
EndGlobal
